
Microsoft Visual Studio Solution File, Format Version 12.00
# Visual Studio Version 17
VisualStudioVersion = 17.5.33502.453
MinimumVisualStudioVersion = 10.0.40219.1
Project("{FAE04EC0-301F-11D3-BF4B-00C04F79EFBC}") = "Task1", "Task1\Task1.csproj", "{1A2E5497-4F69-46F1-8661-92B587B096C4}"
EndProject
Project("{FAE04EC0-301F-11D3-BF4B-00C04F79EFBC}") = "Task2", "Task2\Task2.csproj", "{BE97A01A-4263-4A18-B06B-ADB16ED984D6}"
EndProject
Project("{FAE04EC0-301F-11D3-BF4B-00C04F79EFBC}") = "Task3", "Task3\Task3.csproj", "{3827A34B-47CC-4D51-B5E0-FE252550B09C}"
EndProject
Project("{FAE04EC0-301F-11D3-BF4B-00C04F79EFBC}") = "Task4", "Task4\Task4.csproj", "{C0722B79-2DF8-478A-95D9-2311B511D22C}"
EndProject
Global
	GlobalSection(SolutionConfigurationPlatforms) = preSolution
		Debug|Any CPU = Debug|Any CPU
		Release|Any CPU = Release|Any CPU
	EndGlobalSection
	GlobalSection(ProjectConfigurationPlatforms) = postSolution
		{1A2E5497-4F69-46F1-8661-92B587B096C4}.Debug|Any CPU.ActiveCfg = Debug|Any CPU
		{1A2E5497-4F69-46F1-8661-92B587B096C4}.Debug|Any CPU.Build.0 = Debug|Any CPU
		{1A2E5497-4F69-46F1-8661-92B587B096C4}.Release|Any CPU.ActiveCfg = Release|Any CPU
		{1A2E5497-4F69-46F1-8661-92B587B096C4}.Release|Any CPU.Build.0 = Release|Any CPU
		{BE97A01A-4263-4A18-B06B-ADB16ED984D6}.Debug|Any CPU.ActiveCfg = Debug|Any CPU
		{BE97A01A-4263-4A18-B06B-ADB16ED984D6}.Debug|Any CPU.Build.0 = Debug|Any CPU
		{BE97A01A-4263-4A18-B06B-ADB16ED984D6}.Release|Any CPU.ActiveCfg = Release|Any CPU
		{BE97A01A-4263-4A18-B06B-ADB16ED984D6}.Release|Any CPU.Build.0 = Release|Any CPU
		{3827A34B-47CC-4D51-B5E0-FE252550B09C}.Debug|Any CPU.ActiveCfg = Debug|Any CPU
		{3827A34B-47CC-4D51-B5E0-FE252550B09C}.Debug|Any CPU.Build.0 = Debug|Any CPU
		{3827A34B-47CC-4D51-B5E0-FE252550B09C}.Release|Any CPU.ActiveCfg = Release|Any CPU
		{3827A34B-47CC-4D51-B5E0-FE252550B09C}.Release|Any CPU.Build.0 = Release|Any CPU
		{C0722B79-2DF8-478A-95D9-2311B511D22C}.Debug|Any CPU.ActiveCfg = Debug|Any CPU
		{C0722B79-2DF8-478A-95D9-2311B511D22C}.Debug|Any CPU.Build.0 = Debug|Any CPU
		{C0722B79-2DF8-478A-95D9-2311B511D22C}.Release|Any CPU.ActiveCfg = Release|Any CPU
		{C0722B79-2DF8-478A-95D9-2311B511D22C}.Release|Any CPU.Build.0 = Release|Any CPU
	EndGlobalSection
	GlobalSection(SolutionProperties) = preSolution
		HideSolutionNode = FALSE
	EndGlobalSection
	GlobalSection(ExtensibilityGlobals) = postSolution
		SolutionGuid = {42865738-9F2F-4ACC-B2BE-1D65A3B6697B}
	EndGlobalSection
EndGlobal
